
Microsoft Visual Studio Solution File, Format Version 12.00
# Visual Studio 15
VisualStudioVersion = 15.0.28010.2046
MinimumVisualStudioVersion = 10.0.40219.1
Project("{FAE04EC0-301F-11D3-BF4B-00C04F79EFBC}") = "Q3b", "Q3b\Q3b.csproj", "{C64E35CA-1C65-478D-B8FF-84D7E276F4CF}"
EndProject
Global
	GlobalSection(SolutionConfigurationPlatforms) = preSolution
		Debug|Any CPU = Debug|Any CPU
		Release|Any CPU = Release|Any CPU
	EndGlobalSection
	GlobalSection(ProjectConfigurationPlatforms) = postSolution
		{C64E35CA-1C65-478D-B8FF-84D7E276F4CF}.Debug|Any CPU.ActiveCfg = Debug|Any CPU
		{C64E35CA-1C65-478D-B8FF-84D7E276F4CF}.Debug|Any CPU.Build.0 = Debug|Any CPU
		{C64E35CA-1C65-478D-B8FF-84D7E276F4CF}.Release|Any CPU.ActiveCfg = Release|Any CPU
		{C64E35CA-1C65-478D-B8FF-84D7E276F4CF}.Release|Any CPU.Build.0 = Release|Any CPU
	EndGlobalSection
	GlobalSection(SolutionProperties) = preSolution
		HideSolutionNode = FALSE
	EndGlobalSection
	GlobalSection(ExtensibilityGlobals) = postSolution
		SolutionGuid = {D8059FB2-006A-4043-8395-D4727C41BBBC}
	EndGlobalSection
EndGlobal
